
Microsoft Visual Studio Solution File, Format Version 12.00
# Visual Studio Version 16
VisualStudioVersion = 16.0.810.16
MinimumVisualStudioVersion = 10.0.40219.1
Project("{FAE04EC0-301F-11D3-BF4B-00C04F79EFBC}") = "ProblematicProblem2", "ProblematicProblem2\ProblematicProblem2.csproj", "{2B35EEFC-5DE4-4668-8ECF-5A2E938EE5BF}"
EndProject
Global
	GlobalSection(SolutionConfigurationPlatforms) = preSolution
		Debug|Any CPU = Debug|Any CPU
		Release|Any CPU = Release|Any CPU
	EndGlobalSection
	GlobalSection(ProjectConfigurationPlatforms) = postSolution
		{2B35EEFC-5DE4-4668-8ECF-5A2E938EE5BF}.Debug|Any CPU.ActiveCfg = Debug|Any CPU
		{2B35EEFC-5DE4-4668-8ECF-5A2E938EE5BF}.Debug|Any CPU.Build.0 = Debug|Any CPU
		{2B35EEFC-5DE4-4668-8ECF-5A2E938EE5BF}.Release|Any CPU.ActiveCfg = Release|Any CPU
		{2B35EEFC-5DE4-4668-8ECF-5A2E938EE5BF}.Release|Any CPU.Build.0 = Release|Any CPU
	EndGlobalSection
	GlobalSection(SolutionProperties) = preSolution
		HideSolutionNode = FALSE
	EndGlobalSection
	GlobalSection(ExtensibilityGlobals) = postSolution
		SolutionGuid = {BA809194-9E5F-444D-B3AD-1275AB850699}
	EndGlobalSection
EndGlobal
